# This file is automatically @generated by Cargo.
# It is not intended for manual editing.
[[package]]
name = "raw_pointer"
version = "0.1.3"
source = "registry+https://github.com/rust-lang/crates.io-index"
checksum = "611e873e3573cdbc4efe1fe20f0b097a897f7055eba39e8d5de65f78e085bbe1"

[[package]]
name = "rust-cfs"
version = "0.1.0"
dependencies = [
 "raw_pointer",
]
